// !$*UTF8*$!
{
	archiveVersion = 1;
	classes = {
	};
	objectVersion = 45;
	objects = {

/* Begin PBXBuildFile section */
		1DDD58160DA1D0A300B32029 /* MainMenu.xib in Resources */ = {isa = PBXBuildFile; fileRef = 1DDD58140DA1D0A300B32029 /* MainMenu.xib */; };
		8D11072B0486CEB800E47090 /* InfoPlist.strings in Resources */ = {isa = PBXBuildFile; fileRef = 089C165CFE840E0CC02AAC07 /* InfoPlist.strings */; };
		8D11072D0486CEB800E47090 /* main.m in Sources */ = {isa = PBXBuildFile; fileRef = 29B97316FDCFA39411CA2CEA /* main.m */; settings = {ATTRIBUTES = (); }; };
		8D11072F0486CEB800E47090 /* Cocoa.framework in Frameworks */ = {isa = PBXBuildFile; fileRef = 1058C7A1FEA54F0111CA2CBB /* Cocoa.framework */; };
		D801237B103E14D6004BBC90 /* TLMapView.m in Sources */ = {isa = PBXBuildFile; fileRef = D801237A103E14D6004BBC90 /* TLMapView.m */; };
		D80123F0103E2557004BBC90 /* TLMapSimpleLayer.m in Sources */ = {isa = PBXBuildFile; fileRef = D80123EF103E2557004BBC90 /* TLMapSimpleLayer.m */; };
		D818C311107425E4008D4F98 /* TLMapProjection.m in Sources */ = {isa = PBXBuildFile; fileRef = D818C310107425E4008D4F98 /* TLMapProjection.m */; };
		D825B4EA1033556B00F842A7 /* QuartzCore.framework in Frameworks */ = {isa = PBXBuildFile; fileRef = D825B4E91033556B00F842A7 /* QuartzCore.framework */; };
		D825B73E10336F9600F842A7 /* AppDelegate.m in Sources */ = {isa = PBXBuildFile; fileRef = D825B73D10336F9600F842A7 /* AppDelegate.m */; };
		D84CAF8F107557AC00FC30BE /* TLMapTileLayer.m in Sources */ = {isa = PBXBuildFile; fileRef = D84CAF8E107557AC00FC30BE /* TLMapTileLayer.m */; };
		D84CAF931075592700FC30BE /* TLMapLayer.m in Sources */ = {isa = PBXBuildFile; fileRef = D84CAF921075592700FC30BE /* TLMapLayer.m */; };
		D84CAFB71075618100FC30BE /* NSIndexPath+TLMapTileAdditions.m in Sources */ = {isa = PBXBuildFile; fileRef = D84CAFB61075618100FC30BE /* NSIndexPath+TLMapTileAdditions.m */; };
		D84CAFC010756EC600FC30BE /* NSAffineTransform+TLAdditions.m in Sources */ = {isa = PBXBuildFile; fileRef = D84CAFBF10756EC600FC30BE /* NSAffineTransform+TLAdditions.m */; };
		D84CAFE01075827300FC30BE /* TLMapTileset.m in Sources */ = {isa = PBXBuildFile; fileRef = D84CAFDF1075827300FC30BE /* TLMapTileset.m */; };
		D84CB0191075985C00FC30BE /* TLMapTilesetOSM.m in Sources */ = {isa = PBXBuildFile; fileRef = D84CB0181075985C00FC30BE /* TLMapTilesetOSM.m */; };
		D880A43F10854B6600E2B145 /* TLMapNavigationLayer.m in Sources */ = {isa = PBXBuildFile; fileRef = D880A43E10854B6600E2B145 /* TLMapNavigationLayer.m */; };
/* End PBXBuildFile section */

/* Begin PBXFileReference section */
		089C165DFE840E0CC02AAC07 /* English */ = {isa = PBXFileReference; fileEncoding = 10; lastKnownFileType = text.plist.strings; name = English; path = English.lproj/InfoPlist.strings; sourceTree = "<group>"; };
		1058C7A1FEA54F0111CA2CBB /* Cocoa.framework */ = {isa = PBXFileReference; lastKnownFileType = wrapper.framework; name = Cocoa.framework; path = /System/Library/Frameworks/Cocoa.framework; sourceTree = "<absolute>"; };
		1DDD58150DA1D0A300B32029 /* English */ = {isa = PBXFileReference; lastKnownFileType = file.xib; name = English; path = English.lproj/MainMenu.xib; sourceTree = "<group>"; };
		29B97316FDCFA39411CA2CEA /* main.m */ = {isa = PBXFileReference; fileEncoding = 4; lastKnownFileType = sourcecode.c.objc; path = main.m; sourceTree = "<group>"; };
		32CA4F630368D1EE00C91783 /* TileMap_Prefix.pch */ = {isa = PBXFileReference; fileEncoding = 4; lastKnownFileType = sourcecode.c.h; path = TileMap_Prefix.pch; sourceTree = "<group>"; };
		8D1107310486CEB800E47090 /* Info.plist */ = {isa = PBXFileReference; fileEncoding = 4; lastKnownFileType = text.plist.xml; path = Info.plist; sourceTree = "<group>"; };
		8D1107320486CEB800E47090 /* TileMap.app */ = {isa = PBXFileReference; explicitFileType = wrapper.application; includeInIndex = 0; path = TileMap.app; sourceTree = BUILT_PRODUCTS_DIR; };
		D8012379103E14D6004BBC90 /* TLMapView.h */ = {isa = PBXFileReference; fileEncoding = 4; lastKnownFileType = sourcecode.c.h; path = TLMapView.h; sourceTree = "<group>"; };
		D801237A103E14D6004BBC90 /* TLMapView.m */ = {isa = PBXFileReference; fileEncoding = 4; lastKnownFileType = sourcecode.c.objc; path = TLMapView.m; sourceTree = "<group>"; };
		D80123EE103E2557004BBC90 /* TLMapSimpleLayer.h */ = {isa = PBXFileReference; fileEncoding = 4; lastKnownFileType = sourcecode.c.h; path = TLMapSimpleLayer.h; sourceTree = "<group>"; };
		D80123EF103E2557004BBC90 /* TLMapSimpleLayer.m */ = {isa = PBXFileReference; fileEncoding = 4; lastKnownFileType = sourcecode.c.objc; path = TLMapSimpleLayer.m; sourceTree = "<group>"; };
		D818C30F107425E4008D4F98 /* TLMapProjection.h */ = {isa = PBXFileReference; fileEncoding = 4; lastKnownFileType = sourcecode.c.h; path = TLMapProjection.h; sourceTree = "<group>"; };
		D818C310107425E4008D4F98 /* TLMapProjection.m */ = {isa = PBXFileReference; fileEncoding = 4; lastKnownFileType = sourcecode.c.objc; path = TLMapProjection.m; sourceTree = "<group>"; };
		D818C32D10742891008D4F98 /* TLMapCoordinate.h */ = {isa = PBXFileReference; fileEncoding = 4; lastKnownFileType = sourcecode.c.h; path = TLMapCoordinate.h; sourceTree = "<group>"; };
		D825B4E91033556B00F842A7 /* QuartzCore.framework */ = {isa = PBXFileReference; lastKnownFileType = wrapper.framework; name = QuartzCore.framework; path = /System/Library/Frameworks/QuartzCore.framework; sourceTree = "<absolute>"; };
		D825B73C10336F9600F842A7 /* AppDelegate.h */ = {isa = PBXFileReference; fileEncoding = 4; lastKnownFileType = sourcecode.c.h; path = AppDelegate.h; sourceTree = "<group>"; };
		D825B73D10336F9600F842A7 /* AppDelegate.m */ = {isa = PBXFileReference; fileEncoding = 4; lastKnownFileType = sourcecode.c.objc; path = AppDelegate.m; sourceTree = "<group>"; };
		D84CAF8D107557AC00FC30BE /* TLMapTileLayer.h */ = {isa = PBXFileReference; fileEncoding = 4; lastKnownFileType = sourcecode.c.h; path = TLMapTileLayer.h; sourceTree = "<group>"; };
		D84CAF8E107557AC00FC30BE /* TLMapTileLayer.m */ = {isa = PBXFileReference; fileEncoding = 4; lastKnownFileType = sourcecode.c.objc; path = TLMapTileLayer.m; sourceTree = "<group>"; };
		D84CAF911075592700FC30BE /* TLMapLayer.h */ = {isa = PBXFileReference; fileEncoding = 4; lastKnownFileType = sourcecode.c.h; path = TLMapLayer.h; sourceTree = "<group>"; };
		D84CAF921075592700FC30BE /* TLMapLayer.m */ = {isa = PBXFileReference; fileEncoding = 4; lastKnownFileType = sourcecode.c.objc; path = TLMapLayer.m; sourceTree = "<group>"; };
		D84CAFB51075618100FC30BE /* NSIndexPath+TLMapTileAdditions.h */ = {isa = PBXFileReference; fileEncoding = 4; lastKnownFileType = sourcecode.c.h; path = "NSIndexPath+TLMapTileAdditions.h"; sourceTree = "<group>"; };
		D84CAFB61075618100FC30BE /* NSIndexPath+TLMapTileAdditions.m */ = {isa = PBXFileReference; fileEncoding = 4; lastKnownFileType = sourcecode.c.objc; path = "NSIndexPath+TLMapTileAdditions.m"; sourceTree = "<group>"; };
		D84CAFBE10756EC600FC30BE /* NSAffineTransform+TLAdditions.h */ = {isa = PBXFileReference; fileEncoding = 4; lastKnownFileType = sourcecode.c.h; path = "NSAffineTransform+TLAdditions.h"; sourceTree = "<group>"; };
		D84CAFBF10756EC600FC30BE /* NSAffineTransform+TLAdditions.m */ = {isa = PBXFileReference; fileEncoding = 4; lastKnownFileType = sourcecode.c.objc; path = "NSAffineTransform+TLAdditions.m"; sourceTree = "<group>"; };
		D84CAFDE1075827300FC30BE /* TLMapTileset.h */ = {isa = PBXFileReference; fileEncoding = 4; lastKnownFileType = sourcecode.c.h; path = TLMapTileset.h; sourceTree = "<group>"; };
		D84CAFDF1075827300FC30BE /* TLMapTileset.m */ = {isa = PBXFileReference; fileEncoding = 4; lastKnownFileType = sourcecode.c.objc; path = TLMapTileset.m; sourceTree = "<group>"; };
		D84CB0171075985C00FC30BE /* TLMapTilesetOSM.h */ = {isa = PBXFileReference; fileEncoding = 4; lastKnownFileType = sourcecode.c.h; path = TLMapTilesetOSM.h; sourceTree = "<group>"; };
		D84CB0181075985C00FC30BE /* TLMapTilesetOSM.m */ = {isa = PBXFileReference; fileEncoding = 4; lastKnownFileType = sourcecode.c.objc; path = TLMapTilesetOSM.m; sourceTree = "<group>"; };
		D880A43D10854B6600E2B145 /* TLMapNavigationLayer.h */ = {isa = PBXFileReference; fileEncoding = 4; lastKnownFileType = sourcecode.c.h; path = TLMapNavigationLayer.h; sourceTree = "<group>"; };
		D880A43E10854B6600E2B145 /* TLMapNavigationLayer.m */ = {isa = PBXFileReference; fileEncoding = 4; lastKnownFileType = sourcecode.c.objc; path = TLMapNavigationLayer.m; sourceTree = "<group>"; };
/* End PBXFileReference section */

/* Begin PBXFrameworksBuildPhase section */
		8D11072E0486CEB800E47090 /* Frameworks */ = {
			isa = PBXFrameworksBuildPhase;
			buildActionMask = 2147483647;
			files = (
				8D11072F0486CEB800E47090 /* Cocoa.framework in Frameworks */,
				D825B4EA1033556B00F842A7 /* QuartzCore.framework in Frameworks */,
			);
			runOnlyForDeploymentPostprocessing = 0;
		};
/* End PBXFrameworksBuildPhase section */

/* Begin PBXGroup section */
		080E96DDFE201D6D7F000001 /* Classes */ = {
			isa = PBXGroup;
			children = (
				D8012380103E14E7004BBC90 /* Map */,
				D80123EE103E2557004BBC90 /* TLMapSimpleLayer.h */,
				D80123EF103E2557004BBC90 /* TLMapSimpleLayer.m */,
				D825B73C10336F9600F842A7 /* AppDelegate.h */,
				D825B73D10336F9600F842A7 /* AppDelegate.m */,
				D880A43D10854B6600E2B145 /* TLMapNavigationLayer.h */,
				D880A43E10854B6600E2B145 /* TLMapNavigationLayer.m */,
			);
			name = Classes;
			sourceTree = "<group>";
		};
		19C28FACFE9D520D11CA2CBB /* Products */ = {
			isa = PBXGroup;
			children = (
				8D1107320486CEB800E47090 /* TileMap.app */,
			);
			name = Products;
			sourceTree = "<group>";
		};
		29B97314FDCFA39411CA2CEA /* TileMap */ = {
			isa = PBXGroup;
			children = (
				080E96DDFE201D6D7F000001 /* Classes */,
				29B97315FDCFA39411CA2CEA /* Other Sources */,
				29B97317FDCFA39411CA2CEA /* Resources */,
				29B97323FDCFA39411CA2CEA /* Frameworks */,
				19C28FACFE9D520D11CA2CBB /* Products */,
			);
			name = TileMap;
			sourceTree = "<group>";
		};
		29B97315FDCFA39411CA2CEA /* Other Sources */ = {
			isa = PBXGroup;
			children = (
				32CA4F630368D1EE00C91783 /* TileMap_Prefix.pch */,
				29B97316FDCFA39411CA2CEA /* main.m */,
			);
			name = "Other Sources";
			sourceTree = "<group>";
		};
		29B97317FDCFA39411CA2CEA /* Resources */ = {
			isa = PBXGroup;
			children = (
				8D1107310486CEB800E47090 /* Info.plist */,
				089C165CFE840E0CC02AAC07 /* InfoPlist.strings */,
				1DDD58140DA1D0A300B32029 /* MainMenu.xib */,
			);
			name = Resources;
			sourceTree = "<group>";
		};
		29B97323FDCFA39411CA2CEA /* Frameworks */ = {
			isa = PBXGroup;
			children = (
				1058C7A1FEA54F0111CA2CBB /* Cocoa.framework */,
				D825B4E91033556B00F842A7 /* QuartzCore.framework */,
			);
			name = Frameworks;
			sourceTree = "<group>";
		};
		D8012380103E14E7004BBC90 /* Map */ = {
			isa = PBXGroup;
			children = (
				D8012379103E14D6004BBC90 /* TLMapView.h */,
				D801237A103E14D6004BBC90 /* TLMapView.m */,
				D818C32D10742891008D4F98 /* TLMapCoordinate.h */,
				D818C30F107425E4008D4F98 /* TLMapProjection.h */,
				D818C310107425E4008D4F98 /* TLMapProjection.m */,
				D84CAF911075592700FC30BE /* TLMapLayer.h */,
				D84CAF921075592700FC30BE /* TLMapLayer.m */,
				D84CAFB81075618700FC30BE /* Tiles */,
			);
			name = Map;
			sourceTree = "<group>";
		};
		D84CAFB81075618700FC30BE /* Tiles */ = {
			isa = PBXGroup;
			children = (
				D84CAF8D107557AC00FC30BE /* TLMapTileLayer.h */,
				D84CAF8E107557AC00FC30BE /* TLMapTileLayer.m */,
				D84CAFB51075618100FC30BE /* NSIndexPath+TLMapTileAdditions.h */,
				D84CAFB61075618100FC30BE /* NSIndexPath+TLMapTileAdditions.m */,
				D84CAFBE10756EC600FC30BE /* NSAffineTransform+TLAdditions.h */,
				D84CAFBF10756EC600FC30BE /* NSAffineTransform+TLAdditions.m */,
				D84CAFDE1075827300FC30BE /* TLMapTileset.h */,
				D84CAFDF1075827300FC30BE /* TLMapTileset.m */,
				D84CB0171075985C00FC30BE /* TLMapTilesetOSM.h */,
				D84CB0181075985C00FC30BE /* TLMapTilesetOSM.m */,
			);
			name = Tiles;
			sourceTree = "<group>";
		};
/* End PBXGroup section */

/* Begin PBXNativeTarget section */
		8D1107260486CEB800E47090 /* TileMap */ = {
			isa = PBXNativeTarget;
			buildConfigurationList = C01FCF4A08A954540054247B /* Build configuration list for PBXNativeTarget "TileMap" */;
			buildPhases = (
				8D1107290486CEB800E47090 /* Resources */,
				8D11072C0486CEB800E47090 /* Sources */,
				8D11072E0486CEB800E47090 /* Frameworks */,
			);
			buildRules = (
			);
			dependencies = (
			);
			name = TileMap;
			productInstallPath = "$(HOME)/Applications";
			productName = TileMap;
			productReference = 8D1107320486CEB800E47090 /* TileMap.app */;
			productType = "com.apple.product-type.application";
		};
/* End PBXNativeTarget section */

/* Begin PBXProject section */
		29B97313FDCFA39411CA2CEA /* Project object */ = {
			isa = PBXProject;
			buildConfigurationList = C01FCF4E08A954540054247B /* Build configuration list for PBXProject "TileMap" */;
			compatibilityVersion = "Xcode 3.1";
			hasScannedForEncodings = 1;
			mainGroup = 29B97314FDCFA39411CA2CEA /* TileMap */;
			projectDirPath = "";
			projectRoot = "";
			targets = (
				8D1107260486CEB800E47090 /* TileMap */,
			);
		};
/* End PBXProject section */

/* Begin PBXResourcesBuildPhase section */
		8D1107290486CEB800E47090 /* Resources */ = {
			isa = PBXResourcesBuildPhase;
			buildActionMask = 2147483647;
			files = (
				8D11072B0486CEB800E47090 /* InfoPlist.strings in Resources */,
				1DDD58160DA1D0A300B32029 /* MainMenu.xib in Resources */,
			);
			runOnlyForDeploymentPostprocessing = 0;
		};
/* End PBXResourcesBuildPhase section */

/* Begin PBXSourcesBuildPhase section */
		8D11072C0486CEB800E47090 /* Sources */ = {
			isa = PBXSourcesBuildPhase;
			buildActionMask = 2147483647;
			files = (
				8D11072D0486CEB800E47090 /* main.m in Sources */,
				D825B73E10336F9600F842A7 /* AppDelegate.m in Sources */,
				D801237B103E14D6004BBC90 /* TLMapView.m in Sources */,
				D80123F0103E2557004BBC90 /* TLMapSimpleLayer.m in Sources */,
				D818C311107425E4008D4F98 /* TLMapProjection.m in Sources */,
				D84CAF8F107557AC00FC30BE /* TLMapTileLayer.m in Sources */,
				D84CAF931075592700FC30BE /* TLMapLayer.m in Sources */,
				D84CAFB71075618100FC30BE /* NSIndexPath+TLMapTileAdditions.m in Sources */,
				D84CAFC010756EC600FC30BE /* NSAffineTransform+TLAdditions.m in Sources */,
				D84CAFE01075827300FC30BE /* TLMapTileset.m in Sources */,
				D84CB0191075985C00FC30BE /* TLMapTilesetOSM.m in Sources */,
				D880A43F10854B6600E2B145 /* TLMapNavigationLayer.m in Sources */,
			);
			runOnlyForDeploymentPostprocessing = 0;
		};
/* End PBXSourcesBuildPhase section */

/* Begin PBXVariantGroup section */
		089C165CFE840E0CC02AAC07 /* InfoPlist.strings */ = {
			isa = PBXVariantGroup;
			children = (
				089C165DFE840E0CC02AAC07 /* English */,
			);
			name = InfoPlist.strings;
			sourceTree = "<group>";
		};
		1DDD58140DA1D0A300B32029 /* MainMenu.xib */ = {
			isa = PBXVariantGroup;
			children = (
				1DDD58150DA1D0A300B32029 /* English */,
			);
			name = MainMenu.xib;
			sourceTree = "<group>";
		};
/* End PBXVariantGroup section */

/* Begin XCBuildConfiguration section */
		C01FCF4B08A954540054247B /* Debug */ = {
			isa = XCBuildConfiguration;
			buildSettings = {
				ALWAYS_SEARCH_USER_PATHS = NO;
				COPY_PHASE_STRIP = NO;
				GCC_DYNAMIC_NO_PIC = NO;
				GCC_ENABLE_FIX_AND_CONTINUE = YES;
				GCC_MODEL_TUNING = G5;
				GCC_OPTIMIZATION_LEVEL = 0;
				GCC_PRECOMPILE_PREFIX_HEADER = YES;
				GCC_PREFIX_HEADER = TileMap_Prefix.pch;
				INFOPLIST_FILE = Info.plist;
				INSTALL_PATH = "$(HOME)/Applications";
				PRODUCT_NAME = TileMap;
			};
			name = Debug;
		};
		C01FCF4C08A954540054247B /* Release */ = {
			isa = XCBuildConfiguration;
			buildSettings = {
				ALWAYS_SEARCH_USER_PATHS = NO;
				DEBUG_INFORMATION_FORMAT = "dwarf-with-dsym";
				GCC_MODEL_TUNING = G5;
				GCC_PRECOMPILE_PREFIX_HEADER = YES;
				GCC_PREFIX_HEADER = TileMap_Prefix.pch;
				INFOPLIST_FILE = Info.plist;
				INSTALL_PATH = "$(HOME)/Applications";
				PRODUCT_NAME = TileMap;
			};
			name = Release;
		};
		C01FCF4F08A954540054247B /* Debug */ = {
			isa = XCBuildConfiguration;
			buildSettings = {
				ARCHS = (
					"$(NATIVE_ARCH)",
					x86_64,
				);
				GCC_C_LANGUAGE_STANDARD = c99;
				GCC_OPTIMIZATION_LEVEL = 0;
				GCC_VERSION = com.apple.compilers.llvmgcc42;
				GCC_WARN_64_TO_32_BIT_CONVERSION = YES;
				GCC_WARN_ABOUT_MISSING_NEWLINE = YES;
				GCC_WARN_ABOUT_MISSING_PROTOTYPES = YES;
				GCC_WARN_ABOUT_RETURN_TYPE = YES;
				GCC_WARN_CHECK_SWITCH_STATEMENTS = YES;
				GCC_WARN_EFFECTIVE_CPLUSPLUS_VIOLATIONS = YES;
				GCC_WARN_FOUR_CHARACTER_CONSTANTS = YES;
				GCC_WARN_HIDDEN_VIRTUAL_FUNCTIONS = YES;
				GCC_WARN_INITIALIZER_NOT_FULLY_BRACKETED = YES;
				GCC_WARN_MISSING_PARENTHESES = YES;
				GCC_WARN_NON_VIRTUAL_DESTRUCTOR = YES;
				GCC_WARN_SHADOW = YES;
				GCC_WARN_SIGN_COMPARE = YES;
				GCC_WARN_TYPECHECK_CALLS_TO_PRINTF = YES;
				GCC_WARN_UNINITIALIZED_AUTOS = NO;
				GCC_WARN_UNKNOWN_PRAGMAS = YES;
				GCC_WARN_UNUSED_FUNCTION = YES;
				GCC_WARN_UNUSED_LABEL = YES;
				GCC_WARN_UNUSED_PARAMETER = YES;
				GCC_WARN_UNUSED_VALUE = YES;
				GCC_WARN_UNUSED_VARIABLE = YES;
				ONLY_ACTIVE_ARCH = YES;
				PREBINDING = NO;
				SDKROOT = macosx10.5;
			};
			name = Debug;
		};
		C01FCF5008A954540054247B /* Release */ = {
			isa = XCBuildConfiguration;
			buildSettings = {
				ARCHS = (
					"$(NATIVE_ARCH)",
					x86_64,
				);
				GCC_C_LANGUAGE_STANDARD = c99;
				GCC_VERSION = com.apple.compilers.llvmgcc42;
				GCC_WARN_64_TO_32_BIT_CONVERSION = YES;
				GCC_WARN_ABOUT_MISSING_NEWLINE = YES;
				GCC_WARN_ABOUT_MISSING_PROTOTYPES = YES;
				GCC_WARN_ABOUT_RETURN_TYPE = YES;
				GCC_WARN_CHECK_SWITCH_STATEMENTS = YES;
				GCC_WARN_EFFECTIVE_CPLUSPLUS_VIOLATIONS = YES;
				GCC_WARN_FOUR_CHARACTER_CONSTANTS = YES;
				GCC_WARN_HIDDEN_VIRTUAL_FUNCTIONS = YES;
				GCC_WARN_INITIALIZER_NOT_FULLY_BRACKETED = YES;
				GCC_WARN_MISSING_PARENTHESES = YES;
				GCC_WARN_NON_VIRTUAL_DESTRUCTOR = YES;
				GCC_WARN_SHADOW = YES;
				GCC_WARN_SIGN_COMPARE = YES;
				GCC_WARN_TYPECHECK_CALLS_TO_PRINTF = YES;
				GCC_WARN_UNINITIALIZED_AUTOS = YES;
				GCC_WARN_UNKNOWN_PRAGMAS = YES;
				GCC_WARN_UNUSED_FUNCTION = YES;
				GCC_WARN_UNUSED_LABEL = YES;
				GCC_WARN_UNUSED_PARAMETER = YES;
				GCC_WARN_UNUSED_VALUE = YES;
				GCC_WARN_UNUSED_VARIABLE = YES;
				PREBINDING = NO;
				SDKROOT = macosx10.5;
			};
			name = Release;
		};
/* End XCBuildConfiguration section */

/* Begin XCConfigurationList section */
		C01FCF4A08A954540054247B /* Build configuration list for PBXNativeTarget "TileMap" */ = {
			isa = XCConfigurationList;
			buildConfigurations = (
				C01FCF4B08A954540054247B /* Debug */,
				C01FCF4C08A954540054247B /* Release */,
			);
			defaultConfigurationIsVisible = 0;
			defaultConfigurationName = Release;
		};
		C01FCF4E08A954540054247B /* Build configuration list for PBXProject "TileMap" */ = {
			isa = XCConfigurationList;
			buildConfigurations = (
				C01FCF4F08A954540054247B /* Debug */,
				C01FCF5008A954540054247B /* Release */,
			);
			defaultConfigurationIsVisible = 0;
			defaultConfigurationName = Release;
		};
/* End XCConfigurationList section */
	};
	rootObject = 29B97313FDCFA39411CA2CEA /* Project object */;
}
